{
  "name": "leadflow",
  "version": "0.0.0",
  "lockfileVersion": 3,
  "requires": true,
  "packages": {
    "": {
      "name": "leadflow",
      "version": "0.0.0",
      "workspaces": [
        "client",
        "server"
      ],
      "engines": {
        "node": ">=20.0.0",
        "npm": ">=10.0.0"
      }
    },
    "client": {
      "name": "@leadflow/client",
      "version": "0.0.0"
    },
    "node_modules/@leadflow/client": {
      "resolved": "client",
      "link": true
    },
    "node_modules/@leadflow/server": {
      "resolved": "server",
      "link": true
    },
    "server": {
      "name": "@leadflow/server",
      "version": "0.0.0"
    }
  }
}
